
Microsoft Visual Studio Solution File, Format Version 12.00
# Visual Studio 2012
Project("{FAE04EC0-301F-11D3-BF4B-00C04F79EFBC}") = "MCUpdateCheck", "MCUpdateCheck\MCUpdateCheck.csproj", "{79C78E4D-270E-4DE8-979B-6315578BF71D}"
EndProject
Global
	GlobalSection(SolutionConfigurationPlatforms) = preSolution
		Debug|Any CPU = Debug|Any CPU
		Release|Any CPU = Release|Any CPU
	EndGlobalSection
	GlobalSection(ProjectConfigurationPlatforms) = postSolution
		{79C78E4D-270E-4DE8-979B-6315578BF71D}.Debug|Any CPU.ActiveCfg = Debug|Any CPU
		{79C78E4D-270E-4DE8-979B-6315578BF71D}.Debug|Any CPU.Build.0 = Debug|Any CPU
		{79C78E4D-270E-4DE8-979B-6315578BF71D}.Release|Any CPU.ActiveCfg = Release|Any CPU
		{79C78E4D-270E-4DE8-979B-6315578BF71D}.Release|Any CPU.Build.0 = Release|Any CPU
	EndGlobalSection
	GlobalSection(SolutionProperties) = preSolution
		HideSolutionNode = FALSE
	EndGlobalSection
EndGlobal
